
Microsoft Visual Studio Solution File, Format Version 12.00
# Visual Studio Version 16
VisualStudioVersion = 16.0.35130.168
MinimumVisualStudioVersion = 10.0.40219.1
Project("{FAE04EC0-301F-11D3-BF4B-00C04F79EFBC}") = "CountSpacesInString", "CountSpacesInString.csproj", "{63EF1DBD-73BD-49B2-B178-1C71710E8DDB}"
EndProject
Global
	GlobalSection(SolutionConfigurationPlatforms) = preSolution
		Debug|Any CPU = Debug|Any CPU
		Release|Any CPU = Release|Any CPU
	EndGlobalSection
	GlobalSection(ProjectConfigurationPlatforms) = postSolution
		{63EF1DBD-73BD-49B2-B178-1C71710E8DDB}.Debug|Any CPU.ActiveCfg = Debug|Any CPU
		{63EF1DBD-73BD-49B2-B178-1C71710E8DDB}.Debug|Any CPU.Build.0 = Debug|Any CPU
		{63EF1DBD-73BD-49B2-B178-1C71710E8DDB}.Release|Any CPU.ActiveCfg = Release|Any CPU
		{63EF1DBD-73BD-49B2-B178-1C71710E8DDB}.Release|Any CPU.Build.0 = Release|Any CPU
	EndGlobalSection
	GlobalSection(SolutionProperties) = preSolution
		HideSolutionNode = FALSE
	EndGlobalSection
	GlobalSection(ExtensibilityGlobals) = postSolution
		SolutionGuid = {835138AD-C469-42A5-829F-CC91D5AD16E2}
	EndGlobalSection
EndGlobal
