
Microsoft Visual Studio Solution File, Format Version 12.00
# Visual Studio Version 16
VisualStudioVersion = 16.0.35130.168
MinimumVisualStudioVersion = 10.0.40219.1
Project("{FAE04EC0-301F-11D3-BF4B-00C04F79EFBC}") = "ReverseNumber", "ReverseNumber.csproj", "{CD12D0A5-75BA-4CD7-9D7C-94B5B5E689B1}"
EndProject
Global
	GlobalSection(SolutionConfigurationPlatforms) = preSolution
		Debug|Any CPU = Debug|Any CPU
		Release|Any CPU = Release|Any CPU
	EndGlobalSection
	GlobalSection(ProjectConfigurationPlatforms) = postSolution
		{CD12D0A5-75BA-4CD7-9D7C-94B5B5E689B1}.Debug|Any CPU.ActiveCfg = Debug|Any CPU
		{CD12D0A5-75BA-4CD7-9D7C-94B5B5E689B1}.Debug|Any CPU.Build.0 = Debug|Any CPU
		{CD12D0A5-75BA-4CD7-9D7C-94B5B5E689B1}.Release|Any CPU.ActiveCfg = Release|Any CPU
		{CD12D0A5-75BA-4CD7-9D7C-94B5B5E689B1}.Release|Any CPU.Build.0 = Release|Any CPU
	EndGlobalSection
	GlobalSection(SolutionProperties) = preSolution
		HideSolutionNode = FALSE
	EndGlobalSection
	GlobalSection(ExtensibilityGlobals) = postSolution
		SolutionGuid = {C8436A65-E9FF-46A7-A7E7-A39B4E61FAAA}
	EndGlobalSection
EndGlobal
