
Microsoft Visual Studio Solution File, Format Version 12.00
# Visual Studio Version 16
VisualStudioVersion = 16.0.35130.168
MinimumVisualStudioVersion = 10.0.40219.1
Project("{FAE04EC0-301F-11D3-BF4B-00C04F79EFBC}") = "PatternPrinting 5", "PatternPrinting 5.csproj", "{450FD16D-4C61-4FE7-B29B-4013BD5B2090}"
EndProject
Global
	GlobalSection(SolutionConfigurationPlatforms) = preSolution
		Debug|Any CPU = Debug|Any CPU
		Release|Any CPU = Release|Any CPU
	EndGlobalSection
	GlobalSection(ProjectConfigurationPlatforms) = postSolution
		{450FD16D-4C61-4FE7-B29B-4013BD5B2090}.Debug|Any CPU.ActiveCfg = Debug|Any CPU
		{450FD16D-4C61-4FE7-B29B-4013BD5B2090}.Debug|Any CPU.Build.0 = Debug|Any CPU
		{450FD16D-4C61-4FE7-B29B-4013BD5B2090}.Release|Any CPU.ActiveCfg = Release|Any CPU
		{450FD16D-4C61-4FE7-B29B-4013BD5B2090}.Release|Any CPU.Build.0 = Release|Any CPU
	EndGlobalSection
	GlobalSection(SolutionProperties) = preSolution
		HideSolutionNode = FALSE
	EndGlobalSection
	GlobalSection(ExtensibilityGlobals) = postSolution
		SolutionGuid = {5322B825-2FC6-4F4F-920E-8934700B1DBA}
	EndGlobalSection
EndGlobal
