
Microsoft Visual Studio Solution File, Format Version 12.00
# Visual Studio Version 16
VisualStudioVersion = 16.0.35130.168
MinimumVisualStudioVersion = 10.0.40219.1
Project("{FAE04EC0-301F-11D3-BF4B-00C04F79EFBC}") = "PatternPrinting 22", "PatternPrinting 22.csproj", "{8DAABE74-7E78-4247-AA28-BF699A11E565}"
EndProject
Global
	GlobalSection(SolutionConfigurationPlatforms) = preSolution
		Debug|Any CPU = Debug|Any CPU
		Release|Any CPU = Release|Any CPU
	EndGlobalSection
	GlobalSection(ProjectConfigurationPlatforms) = postSolution
		{8DAABE74-7E78-4247-AA28-BF699A11E565}.Debug|Any CPU.ActiveCfg = Debug|Any CPU
		{8DAABE74-7E78-4247-AA28-BF699A11E565}.Debug|Any CPU.Build.0 = Debug|Any CPU
		{8DAABE74-7E78-4247-AA28-BF699A11E565}.Release|Any CPU.ActiveCfg = Release|Any CPU
		{8DAABE74-7E78-4247-AA28-BF699A11E565}.Release|Any CPU.Build.0 = Release|Any CPU
	EndGlobalSection
	GlobalSection(SolutionProperties) = preSolution
		HideSolutionNode = FALSE
	EndGlobalSection
	GlobalSection(ExtensibilityGlobals) = postSolution
		SolutionGuid = {0EA0DADA-CAB3-42B8-9120-C7316054E05E}
	EndGlobalSection
EndGlobal
