
Microsoft Visual Studio Solution File, Format Version 12.00
# Visual Studio Version 16
VisualStudioVersion = 16.0.35130.168
MinimumVisualStudioVersion = 10.0.40219.1
Project("{FAE04EC0-301F-11D3-BF4B-00C04F79EFBC}") = "PatternPrinting 29", "PatternPrinting 29.csproj", "{A03D975F-F07A-45B5-8E2F-998CE2DDDC8E}"
EndProject
Global
	GlobalSection(SolutionConfigurationPlatforms) = preSolution
		Debug|Any CPU = Debug|Any CPU
		Release|Any CPU = Release|Any CPU
	EndGlobalSection
	GlobalSection(ProjectConfigurationPlatforms) = postSolution
		{A03D975F-F07A-45B5-8E2F-998CE2DDDC8E}.Debug|Any CPU.ActiveCfg = Debug|Any CPU
		{A03D975F-F07A-45B5-8E2F-998CE2DDDC8E}.Debug|Any CPU.Build.0 = Debug|Any CPU
		{A03D975F-F07A-45B5-8E2F-998CE2DDDC8E}.Release|Any CPU.ActiveCfg = Release|Any CPU
		{A03D975F-F07A-45B5-8E2F-998CE2DDDC8E}.Release|Any CPU.Build.0 = Release|Any CPU
	EndGlobalSection
	GlobalSection(SolutionProperties) = preSolution
		HideSolutionNode = FALSE
	EndGlobalSection
	GlobalSection(ExtensibilityGlobals) = postSolution
		SolutionGuid = {A1429EB4-56B5-4D26-86E4-868AA01E6AC3}
	EndGlobalSection
EndGlobal
