
Microsoft Visual Studio Solution File, Format Version 12.00
# Visual Studio Version 16
VisualStudioVersion = 16.0.35130.168
MinimumVisualStudioVersion = 10.0.40219.1
Project("{FAE04EC0-301F-11D3-BF4B-00C04F79EFBC}") = "CountSpecificCharacter 2", "CountSpecificCharacter 2.csproj", "{82063242-812D-4BF0-AA8D-F33C1E3C4159}"
EndProject
Global
	GlobalSection(SolutionConfigurationPlatforms) = preSolution
		Debug|Any CPU = Debug|Any CPU
		Release|Any CPU = Release|Any CPU
	EndGlobalSection
	GlobalSection(ProjectConfigurationPlatforms) = postSolution
		{82063242-812D-4BF0-AA8D-F33C1E3C4159}.Debug|Any CPU.ActiveCfg = Debug|Any CPU
		{82063242-812D-4BF0-AA8D-F33C1E3C4159}.Debug|Any CPU.Build.0 = Debug|Any CPU
		{82063242-812D-4BF0-AA8D-F33C1E3C4159}.Release|Any CPU.ActiveCfg = Release|Any CPU
		{82063242-812D-4BF0-AA8D-F33C1E3C4159}.Release|Any CPU.Build.0 = Release|Any CPU
	EndGlobalSection
	GlobalSection(SolutionProperties) = preSolution
		HideSolutionNode = FALSE
	EndGlobalSection
	GlobalSection(ExtensibilityGlobals) = postSolution
		SolutionGuid = {0A3FB4A9-3258-4942-A137-D6FDC9AA8242}
	EndGlobalSection
EndGlobal
