
Microsoft Visual Studio Solution File, Format Version 12.00
# Visual Studio Version 16
VisualStudioVersion = 16.0.35130.168
MinimumVisualStudioVersion = 10.0.40219.1
Project("{FAE04EC0-301F-11D3-BF4B-00C04F79EFBC}") = "StringLowerX", "StringLowerX.csproj", "{149D681F-DDC5-47D0-98B8-44B12AF0B997}"
EndProject
Global
	GlobalSection(SolutionConfigurationPlatforms) = preSolution
		Debug|Any CPU = Debug|Any CPU
		Release|Any CPU = Release|Any CPU
	EndGlobalSection
	GlobalSection(ProjectConfigurationPlatforms) = postSolution
		{149D681F-DDC5-47D0-98B8-44B12AF0B997}.Debug|Any CPU.ActiveCfg = Debug|Any CPU
		{149D681F-DDC5-47D0-98B8-44B12AF0B997}.Debug|Any CPU.Build.0 = Debug|Any CPU
		{149D681F-DDC5-47D0-98B8-44B12AF0B997}.Release|Any CPU.ActiveCfg = Release|Any CPU
		{149D681F-DDC5-47D0-98B8-44B12AF0B997}.Release|Any CPU.Build.0 = Release|Any CPU
	EndGlobalSection
	GlobalSection(SolutionProperties) = preSolution
		HideSolutionNode = FALSE
	EndGlobalSection
	GlobalSection(ExtensibilityGlobals) = postSolution
		SolutionGuid = {07ECF801-B27D-4844-87E2-472EB703D39F}
	EndGlobalSection
EndGlobal
