
Microsoft Visual Studio Solution File, Format Version 12.00
# Visual Studio Version 16
VisualStudioVersion = 16.0.35130.168
MinimumVisualStudioVersion = 10.0.40219.1
Project("{FAE04EC0-301F-11D3-BF4B-00C04F79EFBC}") = "CheckSmallDigit", "CheckSmallDigit.csproj", "{B10162F7-8D8F-4537-9C85-9905BEA192AF}"
EndProject
Global
	GlobalSection(SolutionConfigurationPlatforms) = preSolution
		Debug|Any CPU = Debug|Any CPU
		Release|Any CPU = Release|Any CPU
	EndGlobalSection
	GlobalSection(ProjectConfigurationPlatforms) = postSolution
		{B10162F7-8D8F-4537-9C85-9905BEA192AF}.Debug|Any CPU.ActiveCfg = Debug|Any CPU
		{B10162F7-8D8F-4537-9C85-9905BEA192AF}.Debug|Any CPU.Build.0 = Debug|Any CPU
		{B10162F7-8D8F-4537-9C85-9905BEA192AF}.Release|Any CPU.ActiveCfg = Release|Any CPU
		{B10162F7-8D8F-4537-9C85-9905BEA192AF}.Release|Any CPU.Build.0 = Release|Any CPU
	EndGlobalSection
	GlobalSection(SolutionProperties) = preSolution
		HideSolutionNode = FALSE
	EndGlobalSection
	GlobalSection(ExtensibilityGlobals) = postSolution
		SolutionGuid = {9FDD45B9-317A-4932-BAF8-D1F1FC385701}
	EndGlobalSection
EndGlobal
