
Microsoft Visual Studio Solution File, Format Version 12.00
# Visual Studio Version 16
VisualStudioVersion = 16.0.35130.168
MinimumVisualStudioVersion = 10.0.40219.1
Project("{FAE04EC0-301F-11D3-BF4B-00C04F79EFBC}") = "Upper Character to lower", "Upper Character to lower.csproj", "{1261E100-EDF9-4E19-AA0B-076C626C8165}"
EndProject
Global
	GlobalSection(SolutionConfigurationPlatforms) = preSolution
		Debug|Any CPU = Debug|Any CPU
		Release|Any CPU = Release|Any CPU
	EndGlobalSection
	GlobalSection(ProjectConfigurationPlatforms) = postSolution
		{1261E100-EDF9-4E19-AA0B-076C626C8165}.Debug|Any CPU.ActiveCfg = Debug|Any CPU
		{1261E100-EDF9-4E19-AA0B-076C626C8165}.Debug|Any CPU.Build.0 = Debug|Any CPU
		{1261E100-EDF9-4E19-AA0B-076C626C8165}.Release|Any CPU.ActiveCfg = Release|Any CPU
		{1261E100-EDF9-4E19-AA0B-076C626C8165}.Release|Any CPU.Build.0 = Release|Any CPU
	EndGlobalSection
	GlobalSection(SolutionProperties) = preSolution
		HideSolutionNode = FALSE
	EndGlobalSection
	GlobalSection(ExtensibilityGlobals) = postSolution
		SolutionGuid = {709EF7B7-6410-4B29-9D64-2C614D8EA099}
	EndGlobalSection
EndGlobal
