
Microsoft Visual Studio Solution File, Format Version 12.00
# Visual Studio Version 16
VisualStudioVersion = 16.0.35130.168
MinimumVisualStudioVersion = 10.0.40219.1
Project("{FAE04EC0-301F-11D3-BF4B-00C04F79EFBC}") = "AcceptStringAndCheckFrequency", "AcceptStringAndCheckFrequency.csproj", "{2ABA6E89-54C4-4367-8F9E-BFD317A8ED54}"
EndProject
Global
	GlobalSection(SolutionConfigurationPlatforms) = preSolution
		Debug|Any CPU = Debug|Any CPU
		Release|Any CPU = Release|Any CPU
	EndGlobalSection
	GlobalSection(ProjectConfigurationPlatforms) = postSolution
		{2ABA6E89-54C4-4367-8F9E-BFD317A8ED54}.Debug|Any CPU.ActiveCfg = Debug|Any CPU
		{2ABA6E89-54C4-4367-8F9E-BFD317A8ED54}.Debug|Any CPU.Build.0 = Debug|Any CPU
		{2ABA6E89-54C4-4367-8F9E-BFD317A8ED54}.Release|Any CPU.ActiveCfg = Release|Any CPU
		{2ABA6E89-54C4-4367-8F9E-BFD317A8ED54}.Release|Any CPU.Build.0 = Release|Any CPU
	EndGlobalSection
	GlobalSection(SolutionProperties) = preSolution
		HideSolutionNode = FALSE
	EndGlobalSection
	GlobalSection(ExtensibilityGlobals) = postSolution
		SolutionGuid = {935764B4-9072-4AAA-B66E-4213672266C1}
	EndGlobalSection
EndGlobal
