
Microsoft Visual Studio Solution File, Format Version 12.00
# Visual Studio Version 16
VisualStudioVersion = 16.0.35130.168
MinimumVisualStudioVersion = 10.0.40219.1
Project("{FAE04EC0-301F-11D3-BF4B-00C04F79EFBC}") = "AcceptCopyAndConvertToToggleString", "AcceptCopyAndConvertToToggleString.csproj", "{F752A4B2-F1BD-410C-92CE-407B7D83BB37}"
EndProject
Global
	GlobalSection(SolutionConfigurationPlatforms) = preSolution
		Debug|Any CPU = Debug|Any CPU
		Release|Any CPU = Release|Any CPU
	EndGlobalSection
	GlobalSection(ProjectConfigurationPlatforms) = postSolution
		{F752A4B2-F1BD-410C-92CE-407B7D83BB37}.Debug|Any CPU.ActiveCfg = Debug|Any CPU
		{F752A4B2-F1BD-410C-92CE-407B7D83BB37}.Debug|Any CPU.Build.0 = Debug|Any CPU
		{F752A4B2-F1BD-410C-92CE-407B7D83BB37}.Release|Any CPU.ActiveCfg = Release|Any CPU
		{F752A4B2-F1BD-410C-92CE-407B7D83BB37}.Release|Any CPU.Build.0 = Release|Any CPU
	EndGlobalSection
	GlobalSection(SolutionProperties) = preSolution
		HideSolutionNode = FALSE
	EndGlobalSection
	GlobalSection(ExtensibilityGlobals) = postSolution
		SolutionGuid = {7859DB5C-7D8D-40C2-8658-B753A05A2AEC}
	EndGlobalSection
EndGlobal
