
Microsoft Visual Studio Solution File, Format Version 12.00
# Visual Studio Version 16
VisualStudioVersion = 16.0.35130.168
MinimumVisualStudioVersion = 10.0.40219.1
Project("{FAE04EC0-301F-11D3-BF4B-00C04F79EFBC}") = "Maximum Number of Words", "Maximum Number of Words.csproj", "{5BD468E3-4A3E-433F-84B5-9005BCB5298C}"
EndProject
Global
	GlobalSection(SolutionConfigurationPlatforms) = preSolution
		Debug|Any CPU = Debug|Any CPU
		Release|Any CPU = Release|Any CPU
	EndGlobalSection
	GlobalSection(ProjectConfigurationPlatforms) = postSolution
		{5BD468E3-4A3E-433F-84B5-9005BCB5298C}.Debug|Any CPU.ActiveCfg = Debug|Any CPU
		{5BD468E3-4A3E-433F-84B5-9005BCB5298C}.Debug|Any CPU.Build.0 = Debug|Any CPU
		{5BD468E3-4A3E-433F-84B5-9005BCB5298C}.Release|Any CPU.ActiveCfg = Release|Any CPU
		{5BD468E3-4A3E-433F-84B5-9005BCB5298C}.Release|Any CPU.Build.0 = Release|Any CPU
	EndGlobalSection
	GlobalSection(SolutionProperties) = preSolution
		HideSolutionNode = FALSE
	EndGlobalSection
	GlobalSection(ExtensibilityGlobals) = postSolution
		SolutionGuid = {65554342-778B-4ACD-94E5-D8E5F60C2242}
	EndGlobalSection
EndGlobal
