
Microsoft Visual Studio Solution File, Format Version 12.00
# Visual Studio Version 16
VisualStudioVersion = 16.0.35130.168
MinimumVisualStudioVersion = 10.0.40219.1
Project("{FAE04EC0-301F-11D3-BF4B-00C04F79EFBC}") = "Encapsulation OOP Example", "Encapsulation OOP Example.csproj", "{63A691E1-B4B9-405C-BB2D-E84F3E446749}"
EndProject
Global
	GlobalSection(SolutionConfigurationPlatforms) = preSolution
		Debug|Any CPU = Debug|Any CPU
		Release|Any CPU = Release|Any CPU
	EndGlobalSection
	GlobalSection(ProjectConfigurationPlatforms) = postSolution
		{63A691E1-B4B9-405C-BB2D-E84F3E446749}.Debug|Any CPU.ActiveCfg = Debug|Any CPU
		{63A691E1-B4B9-405C-BB2D-E84F3E446749}.Debug|Any CPU.Build.0 = Debug|Any CPU
		{63A691E1-B4B9-405C-BB2D-E84F3E446749}.Release|Any CPU.ActiveCfg = Release|Any CPU
		{63A691E1-B4B9-405C-BB2D-E84F3E446749}.Release|Any CPU.Build.0 = Release|Any CPU
	EndGlobalSection
	GlobalSection(SolutionProperties) = preSolution
		HideSolutionNode = FALSE
	EndGlobalSection
	GlobalSection(ExtensibilityGlobals) = postSolution
		SolutionGuid = {5AD731AF-471F-4A5A-A7DE-FECEAAA53CF9}
	EndGlobalSection
EndGlobal
