
Microsoft Visual Studio Solution File, Format Version 12.00
# Visual Studio Version 16
VisualStudioVersion = 16.0.35130.168
MinimumVisualStudioVersion = 10.0.40219.1
Project("{FAE04EC0-301F-11D3-BF4B-00C04F79EFBC}") = "PatternPrinting 30", "PatternPrinting 30.csproj", "{6B2A2CB7-840E-428C-948A-26DE60B99FDB}"
EndProject
Global
	GlobalSection(SolutionConfigurationPlatforms) = preSolution
		Debug|Any CPU = Debug|Any CPU
		Release|Any CPU = Release|Any CPU
	EndGlobalSection
	GlobalSection(ProjectConfigurationPlatforms) = postSolution
		{6B2A2CB7-840E-428C-948A-26DE60B99FDB}.Debug|Any CPU.ActiveCfg = Debug|Any CPU
		{6B2A2CB7-840E-428C-948A-26DE60B99FDB}.Debug|Any CPU.Build.0 = Debug|Any CPU
		{6B2A2CB7-840E-428C-948A-26DE60B99FDB}.Release|Any CPU.ActiveCfg = Release|Any CPU
		{6B2A2CB7-840E-428C-948A-26DE60B99FDB}.Release|Any CPU.Build.0 = Release|Any CPU
	EndGlobalSection
	GlobalSection(SolutionProperties) = preSolution
		HideSolutionNode = FALSE
	EndGlobalSection
	GlobalSection(ExtensibilityGlobals) = postSolution
		SolutionGuid = {D32793AF-C85F-4F33-A9F7-A2D779FF72EE}
	EndGlobalSection
EndGlobal
