
Microsoft Visual Studio Solution File, Format Version 12.00
# Visual Studio Version 16
VisualStudioVersion = 16.0.35130.168
MinimumVisualStudioVersion = 10.0.40219.1
Project("{FAE04EC0-301F-11D3-BF4B-00C04F79EFBC}") = "PatternPrinting 10", "PatternPrinting 10.csproj", "{45B76610-7651-4F32-9A59-DEA8AC51368F}"
EndProject
Global
	GlobalSection(SolutionConfigurationPlatforms) = preSolution
		Debug|Any CPU = Debug|Any CPU
		Release|Any CPU = Release|Any CPU
	EndGlobalSection
	GlobalSection(ProjectConfigurationPlatforms) = postSolution
		{45B76610-7651-4F32-9A59-DEA8AC51368F}.Debug|Any CPU.ActiveCfg = Debug|Any CPU
		{45B76610-7651-4F32-9A59-DEA8AC51368F}.Debug|Any CPU.Build.0 = Debug|Any CPU
		{45B76610-7651-4F32-9A59-DEA8AC51368F}.Release|Any CPU.ActiveCfg = Release|Any CPU
		{45B76610-7651-4F32-9A59-DEA8AC51368F}.Release|Any CPU.Build.0 = Release|Any CPU
	EndGlobalSection
	GlobalSection(SolutionProperties) = preSolution
		HideSolutionNode = FALSE
	EndGlobalSection
	GlobalSection(ExtensibilityGlobals) = postSolution
		SolutionGuid = {275BAB86-3BA8-4FFB-9EFB-89CDD1F1C5A2}
	EndGlobalSection
EndGlobal
