
Microsoft Visual Studio Solution File, Format Version 12.00
# Visual Studio Version 16
VisualStudioVersion = 16.0.35130.168
MinimumVisualStudioVersion = 10.0.40219.1
Project("{FAE04EC0-301F-11D3-BF4B-00C04F79EFBC}") = "CheckCapitalLetter", "CheckCapitalLetter.csproj", "{0184477C-5BA7-4043-947E-493F3E58327B}"
EndProject
Global
	GlobalSection(SolutionConfigurationPlatforms) = preSolution
		Debug|Any CPU = Debug|Any CPU
		Release|Any CPU = Release|Any CPU
	EndGlobalSection
	GlobalSection(ProjectConfigurationPlatforms) = postSolution
		{0184477C-5BA7-4043-947E-493F3E58327B}.Debug|Any CPU.ActiveCfg = Debug|Any CPU
		{0184477C-5BA7-4043-947E-493F3E58327B}.Debug|Any CPU.Build.0 = Debug|Any CPU
		{0184477C-5BA7-4043-947E-493F3E58327B}.Release|Any CPU.ActiveCfg = Release|Any CPU
		{0184477C-5BA7-4043-947E-493F3E58327B}.Release|Any CPU.Build.0 = Release|Any CPU
	EndGlobalSection
	GlobalSection(SolutionProperties) = preSolution
		HideSolutionNode = FALSE
	EndGlobalSection
	GlobalSection(ExtensibilityGlobals) = postSolution
		SolutionGuid = {42B21CE8-8BF7-4F8F-ADB0-FB2BC36AD92C}
	EndGlobalSection
EndGlobal
