
Microsoft Visual Studio Solution File, Format Version 12.00
# Visual Studio Version 16
VisualStudioVersion = 16.0.35130.168
MinimumVisualStudioVersion = 10.0.40219.1
Project("{FAE04EC0-301F-11D3-BF4B-00C04F79EFBC}") = "PatternPrinting23", "PatternPrinting23.csproj", "{30141BB4-D052-4796-9B7F-CDD0684CF218}"
EndProject
Global
	GlobalSection(SolutionConfigurationPlatforms) = preSolution
		Debug|Any CPU = Debug|Any CPU
		Release|Any CPU = Release|Any CPU
	EndGlobalSection
	GlobalSection(ProjectConfigurationPlatforms) = postSolution
		{30141BB4-D052-4796-9B7F-CDD0684CF218}.Debug|Any CPU.ActiveCfg = Debug|Any CPU
		{30141BB4-D052-4796-9B7F-CDD0684CF218}.Debug|Any CPU.Build.0 = Debug|Any CPU
		{30141BB4-D052-4796-9B7F-CDD0684CF218}.Release|Any CPU.ActiveCfg = Release|Any CPU
		{30141BB4-D052-4796-9B7F-CDD0684CF218}.Release|Any CPU.Build.0 = Release|Any CPU
	EndGlobalSection
	GlobalSection(SolutionProperties) = preSolution
		HideSolutionNode = FALSE
	EndGlobalSection
	GlobalSection(ExtensibilityGlobals) = postSolution
		SolutionGuid = {C2316DCC-30C9-41E3-B7E9-A0BA2F740421}
	EndGlobalSection
EndGlobal
