
Microsoft Visual Studio Solution File, Format Version 12.00
# Visual Studio Version 16
VisualStudioVersion = 16.0.35130.168
MinimumVisualStudioVersion = 10.0.40219.1
Project("{FAE04EC0-301F-11D3-BF4B-00C04F79EFBC}") = "PatternPrinting 9", "PatternPrinting 9.csproj", "{8EE7317A-495B-41C0-B6FA-7A4D5DEE66FD}"
EndProject
Global
	GlobalSection(SolutionConfigurationPlatforms) = preSolution
		Debug|Any CPU = Debug|Any CPU
		Release|Any CPU = Release|Any CPU
	EndGlobalSection
	GlobalSection(ProjectConfigurationPlatforms) = postSolution
		{8EE7317A-495B-41C0-B6FA-7A4D5DEE66FD}.Debug|Any CPU.ActiveCfg = Debug|Any CPU
		{8EE7317A-495B-41C0-B6FA-7A4D5DEE66FD}.Debug|Any CPU.Build.0 = Debug|Any CPU
		{8EE7317A-495B-41C0-B6FA-7A4D5DEE66FD}.Release|Any CPU.ActiveCfg = Release|Any CPU
		{8EE7317A-495B-41C0-B6FA-7A4D5DEE66FD}.Release|Any CPU.Build.0 = Release|Any CPU
	EndGlobalSection
	GlobalSection(SolutionProperties) = preSolution
		HideSolutionNode = FALSE
	EndGlobalSection
	GlobalSection(ExtensibilityGlobals) = postSolution
		SolutionGuid = {5B5BBFB8-0337-4A5F-BC43-75679C7A24DA}
	EndGlobalSection
EndGlobal
