
Microsoft Visual Studio Solution File, Format Version 12.00
# Visual Studio Version 16
VisualStudioVersion = 16.0.35130.168
MinimumVisualStudioVersion = 10.0.40219.1
Project("{FAE04EC0-301F-11D3-BF4B-00C04F79EFBC}") = "PatternPrinting 1", "PatternPrinting 1.csproj", "{750517C8-F12D-4C24-90D8-81C53509D072}"
EndProject
Global
	GlobalSection(SolutionConfigurationPlatforms) = preSolution
		Debug|Any CPU = Debug|Any CPU
		Release|Any CPU = Release|Any CPU
	EndGlobalSection
	GlobalSection(ProjectConfigurationPlatforms) = postSolution
		{750517C8-F12D-4C24-90D8-81C53509D072}.Debug|Any CPU.ActiveCfg = Debug|Any CPU
		{750517C8-F12D-4C24-90D8-81C53509D072}.Debug|Any CPU.Build.0 = Debug|Any CPU
		{750517C8-F12D-4C24-90D8-81C53509D072}.Release|Any CPU.ActiveCfg = Release|Any CPU
		{750517C8-F12D-4C24-90D8-81C53509D072}.Release|Any CPU.Build.0 = Release|Any CPU
	EndGlobalSection
	GlobalSection(SolutionProperties) = preSolution
		HideSolutionNode = FALSE
	EndGlobalSection
	GlobalSection(ExtensibilityGlobals) = postSolution
		SolutionGuid = {0394C75D-3477-4EB0-AEFE-FB7C0B537136}
	EndGlobalSection
EndGlobal
