
Microsoft Visual Studio Solution File, Format Version 12.00
# Visual Studio Version 16
VisualStudioVersion = 16.0.35130.168
MinimumVisualStudioVersion = 10.0.40219.1
Project("{FAE04EC0-301F-11D3-BF4B-00C04F79EFBC}") = "Accept n numbers from user and Display reverse", "Accept n numbers from user and Display reverse.csproj", "{CCC3B6B1-D4C3-4452-9E78-981BA98E9EC6}"
EndProject
Global
	GlobalSection(SolutionConfigurationPlatforms) = preSolution
		Debug|Any CPU = Debug|Any CPU
		Release|Any CPU = Release|Any CPU
	EndGlobalSection
	GlobalSection(ProjectConfigurationPlatforms) = postSolution
		{CCC3B6B1-D4C3-4452-9E78-981BA98E9EC6}.Debug|Any CPU.ActiveCfg = Debug|Any CPU
		{CCC3B6B1-D4C3-4452-9E78-981BA98E9EC6}.Debug|Any CPU.Build.0 = Debug|Any CPU
		{CCC3B6B1-D4C3-4452-9E78-981BA98E9EC6}.Release|Any CPU.ActiveCfg = Release|Any CPU
		{CCC3B6B1-D4C3-4452-9E78-981BA98E9EC6}.Release|Any CPU.Build.0 = Release|Any CPU
	EndGlobalSection
	GlobalSection(SolutionProperties) = preSolution
		HideSolutionNode = FALSE
	EndGlobalSection
	GlobalSection(ExtensibilityGlobals) = postSolution
		SolutionGuid = {4E1037E1-2B27-447E-9998-EF99BA01726C}
	EndGlobalSection
EndGlobal
