
Microsoft Visual Studio Solution File, Format Version 12.00
# Visual Studio Version 16
VisualStudioVersion = 16.0.35130.168
MinimumVisualStudioVersion = 10.0.40219.1
Project("{FAE04EC0-301F-11D3-BF4B-00C04F79EFBC}") = "ExtractNumberFromString", "ExtractNumberFromString.csproj", "{76F44EB4-B865-4A15-811C-216B0E771A88}"
EndProject
Global
	GlobalSection(SolutionConfigurationPlatforms) = preSolution
		Debug|Any CPU = Debug|Any CPU
		Release|Any CPU = Release|Any CPU
	EndGlobalSection
	GlobalSection(ProjectConfigurationPlatforms) = postSolution
		{76F44EB4-B865-4A15-811C-216B0E771A88}.Debug|Any CPU.ActiveCfg = Debug|Any CPU
		{76F44EB4-B865-4A15-811C-216B0E771A88}.Debug|Any CPU.Build.0 = Debug|Any CPU
		{76F44EB4-B865-4A15-811C-216B0E771A88}.Release|Any CPU.ActiveCfg = Release|Any CPU
		{76F44EB4-B865-4A15-811C-216B0E771A88}.Release|Any CPU.Build.0 = Release|Any CPU
	EndGlobalSection
	GlobalSection(SolutionProperties) = preSolution
		HideSolutionNode = FALSE
	EndGlobalSection
	GlobalSection(ExtensibilityGlobals) = postSolution
		SolutionGuid = {40BDBED2-14F9-45DD-98DE-B0A29C0A9314}
	EndGlobalSection
EndGlobal
