
Microsoft Visual Studio Solution File, Format Version 12.00
# Visual Studio Version 16
VisualStudioVersion = 16.0.35130.168
MinimumVisualStudioVersion = 10.0.40219.1
Project("{FAE04EC0-301F-11D3-BF4B-00C04F79EFBC}") = "PatternPrinting 19", "PatternPrinting 19.csproj", "{DA40D630-07E2-4BB8-B409-ACAC21D1487B}"
EndProject
Global
	GlobalSection(SolutionConfigurationPlatforms) = preSolution
		Debug|Any CPU = Debug|Any CPU
		Release|Any CPU = Release|Any CPU
	EndGlobalSection
	GlobalSection(ProjectConfigurationPlatforms) = postSolution
		{DA40D630-07E2-4BB8-B409-ACAC21D1487B}.Debug|Any CPU.ActiveCfg = Debug|Any CPU
		{DA40D630-07E2-4BB8-B409-ACAC21D1487B}.Debug|Any CPU.Build.0 = Debug|Any CPU
		{DA40D630-07E2-4BB8-B409-ACAC21D1487B}.Release|Any CPU.ActiveCfg = Release|Any CPU
		{DA40D630-07E2-4BB8-B409-ACAC21D1487B}.Release|Any CPU.Build.0 = Release|Any CPU
	EndGlobalSection
	GlobalSection(SolutionProperties) = preSolution
		HideSolutionNode = FALSE
	EndGlobalSection
	GlobalSection(ExtensibilityGlobals) = postSolution
		SolutionGuid = {6C0CCF20-B111-4612-A9D6-CF484EFC70BF}
	EndGlobalSection
EndGlobal
