
Microsoft Visual Studio Solution File, Format Version 12.00
# Visual Studio Version 16
VisualStudioVersion = 16.0.35130.168
MinimumVisualStudioVersion = 10.0.40219.1
Project("{FAE04EC0-301F-11D3-BF4B-00C04F79EFBC}") = "Polymorphism Method Overriding OOP Example", "Polymorphism Method Overriding OOP Example.csproj", "{9345E5EA-EE64-4FDC-AFA0-AB8316631467}"
EndProject
Global
	GlobalSection(SolutionConfigurationPlatforms) = preSolution
		Debug|Any CPU = Debug|Any CPU
		Release|Any CPU = Release|Any CPU
	EndGlobalSection
	GlobalSection(ProjectConfigurationPlatforms) = postSolution
		{9345E5EA-EE64-4FDC-AFA0-AB8316631467}.Debug|Any CPU.ActiveCfg = Debug|Any CPU
		{9345E5EA-EE64-4FDC-AFA0-AB8316631467}.Debug|Any CPU.Build.0 = Debug|Any CPU
		{9345E5EA-EE64-4FDC-AFA0-AB8316631467}.Release|Any CPU.ActiveCfg = Release|Any CPU
		{9345E5EA-EE64-4FDC-AFA0-AB8316631467}.Release|Any CPU.Build.0 = Release|Any CPU
	EndGlobalSection
	GlobalSection(SolutionProperties) = preSolution
		HideSolutionNode = FALSE
	EndGlobalSection
	GlobalSection(ExtensibilityGlobals) = postSolution
		SolutionGuid = {67489B7D-8DC5-4BE6-8BF4-293C9DAE1BED}
	EndGlobalSection
EndGlobal
